
Microsoft Visual Studio Solution File, Format Version 12.00
# Visual Studio Version 17
VisualStudioVersion = 17.10.35013.160
MinimumVisualStudioVersion = 10.0.40219.1
Project("{FAE04EC0-301F-11D3-BF4B-00C04F79EFBC}") = "RidewareEmployeeMgt", "RidewareEmployeeMgt\RidewareEmployeeMgt.csproj", "{CD773D4C-FD95-4A76-A71A-6FBFB7520750}"
EndProject
Global
	GlobalSection(SolutionConfigurationPlatforms) = preSolution
		Debug|Any CPU = Debug|Any CPU
		Release|Any CPU = Release|Any CPU
	EndGlobalSection
	GlobalSection(ProjectConfigurationPlatforms) = postSolution
		{CD773D4C-FD95-4A76-A71A-6FBFB7520750}.Debug|Any CPU.ActiveCfg = Debug|Any CPU
		{CD773D4C-FD95-4A76-A71A-6FBFB7520750}.Debug|Any CPU.Build.0 = Debug|Any CPU
		{CD773D4C-FD95-4A76-A71A-6FBFB7520750}.Release|Any CPU.ActiveCfg = Release|Any CPU
		{CD773D4C-FD95-4A76-A71A-6FBFB7520750}.Release|Any CPU.Build.0 = Release|Any CPU
	EndGlobalSection
	GlobalSection(SolutionProperties) = preSolution
		HideSolutionNode = FALSE
	EndGlobalSection
	GlobalSection(ExtensibilityGlobals) = postSolution
		SolutionGuid = {8A060D26-0D04-4593-8AD2-C6322E1BEF77}
	EndGlobalSection
EndGlobal
